
Microsoft Visual Studio Solution File, Format Version 12.00
# Visual Studio 15
VisualStudioVersion = 15.0.27130.2010
MinimumVisualStudioVersion = 10.0.40219.1
Project("{9A19103F-16F7-4668-BE54-9A1E7A4F7556}") = "JobApi", "JobApi.csproj", "{86699831-01F0-467C-B869-5B839BF0FB7B}"
EndProject
Global
	GlobalSection(SolutionConfigurationPlatforms) = preSolution
		Debug|Any CPU = Debug|Any CPU
		Release|Any CPU = Release|Any CPU
	EndGlobalSection
	GlobalSection(ProjectConfigurationPlatforms) = postSolution
		{86699831-01F0-467C-B869-5B839BF0FB7B}.Debug|Any CPU.ActiveCfg = Debug|Any CPU
		{86699831-01F0-467C-B869-5B839BF0FB7B}.Debug|Any CPU.Build.0 = Debug|Any CPU
		{86699831-01F0-467C-B869-5B839BF0FB7B}.Release|Any CPU.ActiveCfg = Release|Any CPU
		{86699831-01F0-467C-B869-5B839BF0FB7B}.Release|Any CPU.Build.0 = Release|Any CPU
	EndGlobalSection
	GlobalSection(SolutionProperties) = preSolution
		HideSolutionNode = FALSE
	EndGlobalSection
	GlobalSection(ExtensibilityGlobals) = postSolution
		SolutionGuid = {98E79877-7C8D-4926-B110-A0710A90D386}
	EndGlobalSection
EndGlobal
